
Microsoft Visual Studio Solution File, Format Version 12.00
# Visual Studio Version 16
VisualStudioVersion = 16.0.29613.14
MinimumVisualStudioVersion = 10.0.40219.1
Project("{FAE04EC0-301F-11D3-BF4B-00C04F79EFBC}") = "ModelDesignFirst_L1", "ModelDesignFirst_L1\ModelDesignFirst_L1.csproj", "{BD39BB20-BBF3-4A3D-BA99-A0050568B8C8}"
EndProject
Global
	GlobalSection(SolutionConfigurationPlatforms) = preSolution
		Debug|Any CPU = Debug|Any CPU
		Release|Any CPU = Release|Any CPU
	EndGlobalSection
	GlobalSection(ProjectConfigurationPlatforms) = postSolution
		{BD39BB20-BBF3-4A3D-BA99-A0050568B8C8}.Debug|Any CPU.ActiveCfg = Debug|Any CPU
		{BD39BB20-BBF3-4A3D-BA99-A0050568B8C8}.Debug|Any CPU.Build.0 = Debug|Any CPU
		{BD39BB20-BBF3-4A3D-BA99-A0050568B8C8}.Release|Any CPU.ActiveCfg = Release|Any CPU
		{BD39BB20-BBF3-4A3D-BA99-A0050568B8C8}.Release|Any CPU.Build.0 = Release|Any CPU
	EndGlobalSection
	GlobalSection(SolutionProperties) = preSolution
		HideSolutionNode = FALSE
	EndGlobalSection
	GlobalSection(ExtensibilityGlobals) = postSolution
		SolutionGuid = {4D27CE58-684F-43FC-B5A1-6A4847727A7E}
	EndGlobalSection
EndGlobal
