
Microsoft Visual Studio Solution File, Format Version 12.00
# Visual Studio Version 16
VisualStudioVersion = 16.0.29613.14
MinimumVisualStudioVersion = 10.0.40219.1
Project("{FAE04EC0-301F-11D3-BF4B-00C04F79EFBC}") = "Lab1", "Lab1\Lab1.csproj", "{434B3291-FD07-45F1-994D-CD47E278A814}"
EndProject
Global
	GlobalSection(SolutionConfigurationPlatforms) = preSolution
		Debug|Any CPU = Debug|Any CPU
		Release|Any CPU = Release|Any CPU
	EndGlobalSection
	GlobalSection(ProjectConfigurationPlatforms) = postSolution
		{434B3291-FD07-45F1-994D-CD47E278A814}.Debug|Any CPU.ActiveCfg = Debug|Any CPU
		{434B3291-FD07-45F1-994D-CD47E278A814}.Debug|Any CPU.Build.0 = Debug|Any CPU
		{434B3291-FD07-45F1-994D-CD47E278A814}.Release|Any CPU.ActiveCfg = Release|Any CPU
		{434B3291-FD07-45F1-994D-CD47E278A814}.Release|Any CPU.Build.0 = Release|Any CPU
	EndGlobalSection
	GlobalSection(SolutionProperties) = preSolution
		HideSolutionNode = FALSE
	EndGlobalSection
	GlobalSection(ExtensibilityGlobals) = postSolution
		SolutionGuid = {C3C889EB-948C-45AD-8BB5-EBE7F566C702}
	EndGlobalSection
EndGlobal
