
Microsoft Visual Studio Solution File, Format Version 12.00
# Visual Studio Version 16
VisualStudioVersion = 16.0.29926.136
MinimumVisualStudioVersion = 10.0.40219.1
Project("{FAE04EC0-301F-11D3-BF4B-00C04F79EFBC}") = "Asp_Mocanu_Alexandru_Rp", "Asp_Mocanu_Alexandru_Rp\Asp_Mocanu_Alexandru_Rp.csproj", "{D2A93D58-BD05-45D0-B606-B04E34A5127D}"
EndProject
Global
	GlobalSection(SolutionConfigurationPlatforms) = preSolution
		Debug|Any CPU = Debug|Any CPU
		Release|Any CPU = Release|Any CPU
	EndGlobalSection
	GlobalSection(ProjectConfigurationPlatforms) = postSolution
		{D2A93D58-BD05-45D0-B606-B04E34A5127D}.Debug|Any CPU.ActiveCfg = Debug|Any CPU
		{D2A93D58-BD05-45D0-B606-B04E34A5127D}.Debug|Any CPU.Build.0 = Debug|Any CPU
		{D2A93D58-BD05-45D0-B606-B04E34A5127D}.Release|Any CPU.ActiveCfg = Release|Any CPU
		{D2A93D58-BD05-45D0-B606-B04E34A5127D}.Release|Any CPU.Build.0 = Release|Any CPU
	EndGlobalSection
	GlobalSection(SolutionProperties) = preSolution
		HideSolutionNode = FALSE
	EndGlobalSection
	GlobalSection(ExtensibilityGlobals) = postSolution
		SolutionGuid = {782796F5-D076-40D7-B750-E00E51558896}
	EndGlobalSection
EndGlobal
